// !$*UTF8*$!
{
	archiveVersion = 1;
	classes = {
	};
	objectVersion = 51;
	objects = {

/* Begin PBXBuildFile section */
		731CD82C24B6EBE70057CCF0 /* Page2ViewController.swift in Sources */ = {isa = PBXBuildFile; fileRef = 731CD82B24B6EBE70057CCF0 /* Page2ViewController.swift */; };
		731CD82E24B6F05C0057CCF0 /* Page3ViewController.swift in Sources */ = {isa = PBXBuildFile; fileRef = 731CD82D24B6F05C0057CCF0 /* Page3ViewController.swift */; };
		731CD83224B6F0AC0057CCF0 /* Page4ViewController.swift in Sources */ = {isa = PBXBuildFile; fileRef = 731CD83124B6F0AC0057CCF0 /* Page4ViewController.swift */; };
		731CD83424B6F0DF0057CCF0 /* Page5ViewController.swift in Sources */ = {isa = PBXBuildFile; fileRef = 731CD83324B6F0DF0057CCF0 /* Page5ViewController.swift */; };
		731CD83624B6F11C0057CCF0 /* Page6ViewController.swift in Sources */ = {isa = PBXBuildFile; fileRef = 731CD83524B6F11C0057CCF0 /* Page6ViewController.swift */; };
		735FE13A24B57EE400E947C1 /* Page1ViewController.swift in Sources */ = {isa = PBXBuildFile; fileRef = 735FE13924B57EE400E947C1 /* Page1ViewController.swift */; };
		735FE13C24B5827100E947C1 /* YoutubeData.swift in Sources */ = {isa = PBXBuildFile; fileRef = 735FE13B24B5827100E947C1 /* YoutubeData.swift */; };
		735FE13E24B6160F00E947C1 /* WebViewController.swift in Sources */ = {isa = PBXBuildFile; fileRef = 735FE13D24B6160F00E947C1 /* WebViewController.swift */; };
		7391FDCA24B4BF2D00534EC6 /* AppDelegate.swift in Sources */ = {isa = PBXBuildFile; fileRef = 7391FDC924B4BF2D00534EC6 /* AppDelegate.swift */; };
		7391FDCC24B4BF2D00534EC6 /* SceneDelegate.swift in Sources */ = {isa = PBXBuildFile; fileRef = 7391FDCB24B4BF2D00534EC6 /* SceneDelegate.swift */; };
		7391FDCE24B4BF2D00534EC6 /* ViewController.swift in Sources */ = {isa = PBXBuildFile; fileRef = 7391FDCD24B4BF2D00534EC6 /* ViewController.swift */; };
		7391FDD124B4BF2D00534EC6 /* Main.storyboard in Resources */ = {isa = PBXBuildFile; fileRef = 7391FDCF24B4BF2D00534EC6 /* Main.storyboard */; };
		7391FDD324B4BF3000534EC6 /* Assets.xcassets in Resources */ = {isa = PBXBuildFile; fileRef = 7391FDD224B4BF3000534EC6 /* Assets.xcassets */; };
		7391FDD624B4BF3000534EC6 /* LaunchScreen.storyboard in Resources */ = {isa = PBXBuildFile; fileRef = 7391FDD424B4BF3000534EC6 /* LaunchScreen.storyboard */; };
		7391FDDE24B4C15A00534EC6 /* GoogleService-Info.plist in Resources */ = {isa = PBXBuildFile; fileRef = 7391FDDD24B4C15A00534EC6 /* GoogleService-Info.plist */; };
		B4579E1BAEDD748AA6086A6A /* Pods_Swiftyoutuber_1.framework in Frameworks */ = {isa = PBXBuildFile; fileRef = F3CA6192B31EC5AD2B5E460A /* Pods_Swiftyoutuber_1.framework */; };
/* End PBXBuildFile section */

/* Begin PBXFileReference section */
		3B0EB4C16626B49269A51D30 /* Pods-Swiftyoutuber_1.release.xcconfig */ = {isa = PBXFileReference; includeInIndex = 1; lastKnownFileType = text.xcconfig; name = "Pods-Swiftyoutuber_1.release.xcconfig"; path = "Target Support Files/Pods-Swiftyoutuber_1/Pods-Swiftyoutuber_1.release.xcconfig"; sourceTree = "<group>"; };
		731CD82B24B6EBE70057CCF0 /* Page2ViewController.swift */ = {isa = PBXFileReference; lastKnownFileType = sourcecode.swift; path = Page2ViewController.swift; sourceTree = "<group>"; };
		731CD82D24B6F05C0057CCF0 /* Page3ViewController.swift */ = {isa = PBXFileReference; lastKnownFileType = sourcecode.swift; path = Page3ViewController.swift; sourceTree = "<group>"; };
		731CD83124B6F0AC0057CCF0 /* Page4ViewController.swift */ = {isa = PBXFileReference; lastKnownFileType = sourcecode.swift; path = Page4ViewController.swift; sourceTree = "<group>"; };
		731CD83324B6F0DF0057CCF0 /* Page5ViewController.swift */ = {isa = PBXFileReference; lastKnownFileType = sourcecode.swift; path = Page5ViewController.swift; sourceTree = "<group>"; };
		731CD83524B6F11C0057CCF0 /* Page6ViewController.swift */ = {isa = PBXFileReference; lastKnownFileType = sourcecode.swift; path = Page6ViewController.swift; sourceTree = "<group>"; };
		735FE13924B57EE400E947C1 /* Page1ViewController.swift */ = {isa = PBXFileReference; lastKnownFileType = sourcecode.swift; path = Page1ViewController.swift; sourceTree = "<group>"; };
		735FE13B24B5827100E947C1 /* YoutubeData.swift */ = {isa = PBXFileReference; lastKnownFileType = sourcecode.swift; path = YoutubeData.swift; sourceTree = "<group>"; };
		735FE13D24B6160F00E947C1 /* WebViewController.swift */ = {isa = PBXFileReference; lastKnownFileType = sourcecode.swift; path = WebViewController.swift; sourceTree = "<group>"; };
		7391FDC624B4BF2D00534EC6 /* Swiftyoutuber_1.app */ = {isa = PBXFileReference; explicitFileType = wrapper.application; includeInIndex = 0; path = Swiftyoutuber_1.app; sourceTree = BUILT_PRODUCTS_DIR; };
		7391FDC924B4BF2D00534EC6 /* AppDelegate.swift */ = {isa = PBXFileReference; lastKnownFileType = sourcecode.swift; path = AppDelegate.swift; sourceTree = "<group>"; };
		7391FDCB24B4BF2D00534EC6 /* SceneDelegate.swift */ = {isa = PBXFileReference; lastKnownFileType = sourcecode.swift; path = SceneDelegate.swift; sourceTree = "<group>"; };
		7391FDCD24B4BF2D00534EC6 /* ViewController.swift */ = {isa = PBXFileReference; lastKnownFileType = sourcecode.swift; path = ViewController.swift; sourceTree = "<group>"; };
		7391FDD024B4BF2D00534EC6 /* Base */ = {isa = PBXFileReference; lastKnownFileType = file.storyboard; name = Base; path = Base.lproj/Main.storyboard; sourceTree = "<group>"; };
		7391FDD224B4BF3000534EC6 /* Assets.xcassets */ = {isa = PBXFileReference; lastKnownFileType = folder.assetcatalog; path = Assets.xcassets; sourceTree = "<group>"; };
		7391FDD524B4BF3000534EC6 /* Base */ = {isa = PBXFileReference; lastKnownFileType = file.storyboard; name = Base; path = Base.lproj/LaunchScreen.storyboard; sourceTree = "<group>"; };
		7391FDD724B4BF3000534EC6 /* Info.plist */ = {isa = PBXFileReference; lastKnownFileType = text.plist.xml; path = Info.plist; sourceTree = "<group>"; };
		7391FDDD24B4C15A00534EC6 /* GoogleService-Info.plist */ = {isa = PBXFileReference; fileEncoding = 4; lastKnownFileType = text.plist.xml; path = "GoogleService-Info.plist"; sourceTree = "<group>"; };
		B9158ACA4F67B37EBCE18D86 /* Pods-Swiftyoutuber_1.debug.xcconfig */ = {isa = PBXFileReference; includeInIndex = 1; lastKnownFileType = text.xcconfig; name = "Pods-Swiftyoutuber_1.debug.xcconfig"; path = "Target Support Files/Pods-Swiftyoutuber_1/Pods-Swiftyoutuber_1.debug.xcconfig"; sourceTree = "<group>"; };
		F3CA6192B31EC5AD2B5E460A /* Pods_Swiftyoutuber_1.framework */ = {isa = PBXFileReference; explicitFileType = wrapper.framework; includeInIndex = 0; path = Pods_Swiftyoutuber_1.framework; sourceTree = BUILT_PRODUCTS_DIR; };
/* End PBXFileReference section */

/* Begin PBXFrameworksBuildPhase section */
		7391FDC324B4BF2D00534EC6 /* Frameworks */ = {
			isa = PBXFrameworksBuildPhase;
			buildActionMask = 2147483647;
			files = (
				B4579E1BAEDD748AA6086A6A /* Pods_Swiftyoutuber_1.framework in Frameworks */,
			);
			runOnlyForDeploymentPostprocessing = 0;
		};
/* End PBXFrameworksBuildPhase section */

/* Begin PBXGroup section */
		4FA232D6FC778ED130BDCD42 /* Frameworks */ = {
			isa = PBXGroup;
			children = (
				F3CA6192B31EC5AD2B5E460A /* Pods_Swiftyoutuber_1.framework */,
			);
			name = Frameworks;
			sourceTree = "<group>";
		};
		7391FDBD24B4BF2D00534EC6 = {
			isa = PBXGroup;
			children = (
				7391FDC824B4BF2D00534EC6 /* Swiftyoutuber_1 */,
				7391FDC724B4BF2D00534EC6 /* Products */,
				E9CF0962C2A0D2BF4A0BF82F /* Pods */,
				4FA232D6FC778ED130BDCD42 /* Frameworks */,
			);
			sourceTree = "<group>";
		};
		7391FDC724B4BF2D00534EC6 /* Products */ = {
			isa = PBXGroup;
			children = (
				7391FDC624B4BF2D00534EC6 /* Swiftyoutuber_1.app */,
			);
			name = Products;
			sourceTree = "<group>";
		};
		7391FDC824B4BF2D00534EC6 /* Swiftyoutuber_1 */ = {
			isa = PBXGroup;
			children = (
				7391FDC924B4BF2D00534EC6 /* AppDelegate.swift */,
				7391FDCB24B4BF2D00534EC6 /* SceneDelegate.swift */,
				7391FDCD24B4BF2D00534EC6 /* ViewController.swift */,
				735FE13924B57EE400E947C1 /* Page1ViewController.swift */,
				7391FDCF24B4BF2D00534EC6 /* Main.storyboard */,
				7391FDD224B4BF3000534EC6 /* Assets.xcassets */,
				7391FDD424B4BF3000534EC6 /* LaunchScreen.storyboard */,
				7391FDDD24B4C15A00534EC6 /* GoogleService-Info.plist */,
				7391FDD724B4BF3000534EC6 /* Info.plist */,
				735FE13B24B5827100E947C1 /* YoutubeData.swift */,
				735FE13D24B6160F00E947C1 /* WebViewController.swift */,
				731CD82B24B6EBE70057CCF0 /* Page2ViewController.swift */,
				731CD82D24B6F05C0057CCF0 /* Page3ViewController.swift */,
				731CD83124B6F0AC0057CCF0 /* Page4ViewController.swift */,
				731CD83324B6F0DF0057CCF0 /* Page5ViewController.swift */,
				731CD83524B6F11C0057CCF0 /* Page6ViewController.swift */,
			);
			path = Swiftyoutuber_1;
			sourceTree = "<group>";
		};
		E9CF0962C2A0D2BF4A0BF82F /* Pods */ = {
			isa = PBXGroup;
			children = (
				B9158ACA4F67B37EBCE18D86 /* Pods-Swiftyoutuber_1.debug.xcconfig */,
				3B0EB4C16626B49269A51D30 /* Pods-Swiftyoutuber_1.release.xcconfig */,
			);
			path = Pods;
			sourceTree = "<group>";
		};
/* End PBXGroup section */

/* Begin PBXNativeTarget section */
		7391FDC524B4BF2D00534EC6 /* Swiftyoutuber_1 */ = {
			isa = PBXNativeTarget;
			buildConfigurationList = 7391FDDA24B4BF3000534EC6 /* Build configuration list for PBXNativeTarget "Swiftyoutuber_1" */;
			buildPhases = (
				E54C9C24176EF7C9583E9208 /* [CP] Check Pods Manifest.lock */,
				7391FDC224B4BF2D00534EC6 /* Sources */,
				7391FDC324B4BF2D00534EC6 /* Frameworks */,
				7391FDC424B4BF2D00534EC6 /* Resources */,
				B906B03FEA2B313F5A038278 /* [CP] Embed Pods Frameworks */,
			);
			buildRules = (
			);
			dependencies = (
			);
			name = Swiftyoutuber_1;
			productName = Swiftyoutuber_1;
			productReference = 7391FDC624B4BF2D00534EC6 /* Swiftyoutuber_1.app */;
			productType = "com.apple.product-type.application";
		};
/* End PBXNativeTarget section */

/* Begin PBXProject section */
		7391FDBE24B4BF2D00534EC6 /* Project object */ = {
			isa = PBXProject;
			attributes = {
				LastSwiftUpdateCheck = 1150;
				LastUpgradeCheck = 1150;
				ORGANIZATIONNAME = "Eishun Sudo";
				TargetAttributes = {
					7391FDC524B4BF2D00534EC6 = {
						CreatedOnToolsVersion = 11.5;
					};
				};
			};
			buildConfigurationList = 7391FDC124B4BF2D00534EC6 /* Build configuration list for PBXProject "Swiftyoutuber_1" */;
			compatibilityVersion = "Xcode 9.3";
			developmentRegion = en;
			hasScannedForEncodings = 0;
			knownRegions = (
				en,
				Base,
			);
			mainGroup = 7391FDBD24B4BF2D00534EC6;
			productRefGroup = 7391FDC724B4BF2D00534EC6 /* Products */;
			projectDirPath = "";
			projectRoot = "";
			targets = (
				7391FDC524B4BF2D00534EC6 /* Swiftyoutuber_1 */,
			);
		};
/* End PBXProject section */

/* Begin PBXResourcesBuildPhase section */
		7391FDC424B4BF2D00534EC6 /* Resources */ = {
			isa = PBXResourcesBuildPhase;
			buildActionMask = 2147483647;
			files = (
				7391FDD624B4BF3000534EC6 /* LaunchScreen.storyboard in Resources */,
				7391FDD324B4BF3000534EC6 /* Assets.xcassets in Resources */,
				7391FDD124B4BF2D00534EC6 /* Main.storyboard in Resources */,
				7391FDDE24B4C15A00534EC6 /* GoogleService-Info.plist in Resources */,
			);
			runOnlyForDeploymentPostprocessing = 0;
		};
/* End PBXResourcesBuildPhase section */

/* Begin PBXShellScriptBuildPhase section */
		B906B03FEA2B313F5A038278 /* [CP] Embed Pods Frameworks */ = {
			isa = PBXShellScriptBuildPhase;
			buildActionMask = 2147483647;
			files = (
			);
			inputFileListPaths = (
				"${PODS_ROOT}/Target Support Files/Pods-Swiftyoutuber_1/Pods-Swiftyoutuber_1-frameworks-${CONFIGURATION}-input-files.xcfilelist",
			);
			name = "[CP] Embed Pods Frameworks";
			outputFileListPaths = (
				"${PODS_ROOT}/Target Support Files/Pods-Swiftyoutuber_1/Pods-Swiftyoutuber_1-frameworks-${CONFIGURATION}-output-files.xcfilelist",
			);
			runOnlyForDeploymentPostprocessing = 0;
			shellPath = /bin/sh;
			shellScript = "\"${PODS_ROOT}/Target Support Files/Pods-Swiftyoutuber_1/Pods-Swiftyoutuber_1-frameworks.sh\"\n";
			showEnvVarsInLog = 0;
		};
		E54C9C24176EF7C9583E9208 /* [CP] Check Pods Manifest.lock */ = {
			isa = PBXShellScriptBuildPhase;
			buildActionMask = 2147483647;
			files = (
			);
			inputFileListPaths = (
			);
			inputPaths = (
				"${PODS_PODFILE_DIR_PATH}/Podfile.lock",
				"${PODS_ROOT}/Manifest.lock",
			);
			name = "[CP] Check Pods Manifest.lock";
			outputFileListPaths = (
			);
			outputPaths = (
				"$(DERIVED_FILE_DIR)/Pods-Swiftyoutuber_1-checkManifestLockResult.txt",
			);
			runOnlyForDeploymentPostprocessing = 0;
			shellPath = /bin/sh;
			shellScript = "diff \"${PODS_PODFILE_DIR_PATH}/Podfile.lock\" \"${PODS_ROOT}/Manifest.lock\" > /dev/null\nif [ $? != 0 ] ; then\n    # print error to STDERR\n    echo \"error: The sandbox is not in sync with the Podfile.lock. Run 'pod install' or update your CocoaPods installation.\" >&2\n    exit 1\nfi\n# This output is used by Xcode 'outputs' to avoid re-running this script phase.\necho \"SUCCESS\" > \"${SCRIPT_OUTPUT_FILE_0}\"\n";
			showEnvVarsInLog = 0;
		};
/* End PBXShellScriptBuildPhase section */

/* Begin PBXSourcesBuildPhase section */
		7391FDC224B4BF2D00534EC6 /* Sources */ = {
			isa = PBXSourcesBuildPhase;
			buildActionMask = 2147483647;
			files = (
				7391FDCE24B4BF2D00534EC6 /* ViewController.swift in Sources */,
				735FE13E24B6160F00E947C1 /* WebViewController.swift in Sources */,
				731CD83624B6F11C0057CCF0 /* Page6ViewController.swift in Sources */,
				731CD83224B6F0AC0057CCF0 /* Page4ViewController.swift in Sources */,
				735FE13C24B5827100E947C1 /* YoutubeData.swift in Sources */,
				731CD82E24B6F05C0057CCF0 /* Page3ViewController.swift in Sources */,
				731CD83424B6F0DF0057CCF0 /* Page5ViewController.swift in Sources */,
				735FE13A24B57EE400E947C1 /* Page1ViewController.swift in Sources */,
				7391FDCA24B4BF2D00534EC6 /* AppDelegate.swift in Sources */,
				7391FDCC24B4BF2D00534EC6 /* SceneDelegate.swift in Sources */,
				731CD82C24B6EBE70057CCF0 /* Page2ViewController.swift in Sources */,
			);
			runOnlyForDeploymentPostprocessing = 0;
		};
/* End PBXSourcesBuildPhase section */

/* Begin PBXVariantGroup section */
		7391FDCF24B4BF2D00534EC6 /* Main.storyboard */ = {
			isa = PBXVariantGroup;
			children = (
				7391FDD024B4BF2D00534EC6 /* Base */,
			);
			name = Main.storyboard;
			sourceTree = "<group>";
		};
		7391FDD424B4BF3000534EC6 /* LaunchScreen.storyboard */ = {
			isa = PBXVariantGroup;
			children = (
				7391FDD524B4BF3000534EC6 /* Base */,
			);
			name = LaunchScreen.storyboard;
			sourceTree = "<group>";
		};
/* End PBXVariantGroup section */

/* Begin XCBuildConfiguration section */
		7391FDD824B4BF3000534EC6 /* Debug */ = {
			isa = XCBuildConfiguration;
			buildSettings = {
				ALWAYS_SEARCH_USER_PATHS = NO;
				CLANG_ANALYZER_NONNULL = YES;
				CLANG_ANALYZER_NUMBER_OBJECT_CONVERSION = YES_AGGRESSIVE;
				CLANG_CXX_LANGUAGE_STANDARD = "gnu++14";
				CLANG_CXX_LIBRARY = "libc++";
				CLANG_ENABLE_MODULES = YES;
				CLANG_ENABLE_OBJC_ARC = YES;
				CLANG_ENABLE_OBJC_WEAK = YES;
				CLANG_WARN_BLOCK_CAPTURE_AUTORELEASING = YES;
				CLANG_WARN_BOOL_CONVERSION = YES;
				CLANG_WARN_COMMA = YES;
				CLANG_WARN_CONSTANT_CONVERSION = YES;
				CLANG_WARN_DEPRECATED_OBJC_IMPLEMENTATIONS = YES;
				CLANG_WARN_DIRECT_OBJC_ISA_USAGE = YES_ERROR;
				CLANG_WARN_DOCUMENTATION_COMMENTS = YES;
				CLANG_WARN_EMPTY_BODY = YES;
				CLANG_WARN_ENUM_CONVERSION = YES;
				CLANG_WARN_INFINITE_RECURSION = YES;
				CLANG_WARN_INT_CONVERSION = YES;
				CLANG_WARN_NON_LITERAL_NULL_CONVERSION = YES;
				CLANG_WARN_OBJC_IMPLICIT_RETAIN_SELF = YES;
				CLANG_WARN_OBJC_LITERAL_CONVERSION = YES;
				CLANG_WARN_OBJC_ROOT_CLASS = YES_ERROR;
				CLANG_WARN_RANGE_LOOP_ANALYSIS = YES;
				CLANG_WARN_STRICT_PROTOTYPES = YES;
				CLANG_WARN_SUSPICIOUS_MOVE = YES;
				CLANG_WARN_UNGUARDED_AVAILABILITY = YES_AGGRESSIVE;
				CLANG_WARN_UNREACHABLE_CODE = YES;
				CLANG_WARN__DUPLICATE_METHOD_MATCH = YES;
				COPY_PHASE_STRIP = NO;
				DEBUG_INFORMATION_FORMAT = dwarf;
				ENABLE_STRICT_OBJC_MSGSEND = YES;
				ENABLE_TESTABILITY = YES;
				GCC_C_LANGUAGE_STANDARD = gnu11;
				GCC_DYNAMIC_NO_PIC = NO;
				GCC_NO_COMMON_BLOCKS = YES;
				GCC_OPTIMIZATION_LEVEL = 0;
				GCC_PREPROCESSOR_DEFINITIONS = (
					"DEBUG=1",
					"$(inherited)",
				);
				GCC_WARN_64_TO_32_BIT_CONVERSION = YES;
				GCC_WARN_ABOUT_RETURN_TYPE = YES_ERROR;
				GCC_WARN_UNDECLARED_SELECTOR = YES;
				GCC_WARN_UNINITIALIZED_AUTOS = YES_AGGRESSIVE;
				GCC_WARN_UNUSED_FUNCTION = YES;
				GCC_WARN_UNUSED_VARIABLE = YES;
				IPHONEOS_DEPLOYMENT_TARGET = 13.5;
				MTL_ENABLE_DEBUG_INFO = INCLUDE_SOURCE;
				MTL_FAST_MATH = YES;
				ONLY_ACTIVE_ARCH = YES;
				SDKROOT = iphoneos;
				SWIFT_ACTIVE_COMPILATION_CONDITIONS = DEBUG;
				SWIFT_OPTIMIZATION_LEVEL = "-Onone";
			};
			name = Debug;
		};
		7391FDD924B4BF3000534EC6 /* Release */ = {
			isa = XCBuildConfiguration;
			buildSettings = {
				ALWAYS_SEARCH_USER_PATHS = NO;
				CLANG_ANALYZER_NONNULL = YES;
				CLANG_ANALYZER_NUMBER_OBJECT_CONVERSION = YES_AGGRESSIVE;
				CLANG_CXX_LANGUAGE_STANDARD = "gnu++14";
				CLANG_CXX_LIBRARY = "libc++";
				CLANG_ENABLE_MODULES = YES;
				CLANG_ENABLE_OBJC_ARC = YES;
				CLANG_ENABLE_OBJC_WEAK = YES;
				CLANG_WARN_BLOCK_CAPTURE_AUTORELEASING = YES;
				CLANG_WARN_BOOL_CONVERSION = YES;
				CLANG_WARN_COMMA = YES;
				CLANG_WARN_CONSTANT_CONVERSION = YES;
				CLANG_WARN_DEPRECATED_OBJC_IMPLEMENTATIONS = YES;
				CLANG_WARN_DIRECT_OBJC_ISA_USAGE = YES_ERROR;
				CLANG_WARN_DOCUMENTATION_COMMENTS = YES;
				CLANG_WARN_EMPTY_BODY = YES;
				CLANG_WARN_ENUM_CONVERSION = YES;
				CLANG_WARN_INFINITE_RECURSION = YES;
				CLANG_WARN_INT_CONVERSION = YES;
				CLANG_WARN_NON_LITERAL_NULL_CONVERSION = YES;
				CLANG_WARN_OBJC_IMPLICIT_RETAIN_SELF = YES;
				CLANG_WARN_OBJC_LITERAL_CONVERSION = YES;
				CLANG_WARN_OBJC_ROOT_CLASS = YES_ERROR;
				CLANG_WARN_RANGE_LOOP_ANALYSIS = YES;
				CLANG_WARN_STRICT_PROTOTYPES = YES;
				CLANG_WARN_SUSPICIOUS_MOVE = YES;
				CLANG_WARN_UNGUARDED_AVAILABILITY = YES_AGGRESSIVE;
				CLANG_WARN_UNREACHABLE_CODE = YES;
				CLANG_WARN__DUPLICATE_METHOD_MATCH = YES;
				COPY_PHASE_STRIP = NO;
				DEBUG_INFORMATION_FORMAT = "dwarf-with-dsym";
				ENABLE_NS_ASSERTIONS = NO;
				ENABLE_STRICT_OBJC_MSGSEND = YES;
				GCC_C_LANGUAGE_STANDARD = gnu11;
				GCC_NO_COMMON_BLOCKS = YES;
				GCC_WARN_64_TO_32_BIT_CONVERSION = YES;
				GCC_WARN_ABOUT_RETURN_TYPE = YES_ERROR;
				GCC_WARN_UNDECLARED_SELECTOR = YES;
				GCC_WARN_UNINITIALIZED_AUTOS = YES_AGGRESSIVE;
				GCC_WARN_UNUSED_FUNCTION = YES;
				GCC_WARN_UNUSED_VARIABLE = YES;
				IPHONEOS_DEPLOYMENT_TARGET = 13.5;
				MTL_ENABLE_DEBUG_INFO = NO;
				MTL_FAST_MATH = YES;
				SDKROOT = iphoneos;
				SWIFT_COMPILATION_MODE = wholemodule;
				SWIFT_OPTIMIZATION_LEVEL = "-O";
				VALIDATE_PRODUCT = YES;
			};
			name = Release;
		};
		7391FDDB24B4BF3000534EC6 /* Debug */ = {
			isa = XCBuildConfiguration;
			baseConfigurationReference = B9158ACA4F67B37EBCE18D86 /* Pods-Swiftyoutuber_1.debug.xcconfig */;
			buildSettings = {
				ASSETCATALOG_COMPILER_APPICON_NAME = AppIcon;
				CODE_SIGN_STYLE = Automatic;
				INFOPLIST_FILE = Swiftyoutuber_1/Info.plist;
				LD_RUNPATH_SEARCH_PATHS = (
					"$(inherited)",
					"@executable_path/Frameworks",
				);
				PRODUCT_BUNDLE_IDENTIFIER = "com.eishunudemiy.Swiftyoutuber-1";
				PRODUCT_NAME = "$(TARGET_NAME)";
				SWIFT_VERSION = 5.0;
				TARGETED_DEVICE_FAMILY = 1;
			};
			name = Debug;
		};
		7391FDDC24B4BF3000534EC6 /* Release */ = {
			isa = XCBuildConfiguration;
			baseConfigurationReference = 3B0EB4C16626B49269A51D30 /* Pods-Swiftyoutuber_1.release.xcconfig */;
			buildSettings = {
				ASSETCATALOG_COMPILER_APPICON_NAME = AppIcon;
				CODE_SIGN_STYLE = Automatic;
				INFOPLIST_FILE = Swiftyoutuber_1/Info.plist;
				LD_RUNPATH_SEARCH_PATHS = (
					"$(inherited)",
					"@executable_path/Frameworks",
				);
				PRODUCT_BUNDLE_IDENTIFIER = "com.eishunudemiy.Swiftyoutuber-1";
				PRODUCT_NAME = "$(TARGET_NAME)";
				SWIFT_VERSION = 5.0;
				TARGETED_DEVICE_FAMILY = 1;
			};
			name = Release;
		};
/* End XCBuildConfiguration section */

/* Begin XCConfigurationList section */
		7391FDC124B4BF2D00534EC6 /* Build configuration list for PBXProject "Swiftyoutuber_1" */ = {
			isa = XCConfigurationList;
			buildConfigurations = (
				7391FDD824B4BF3000534EC6 /* Debug */,
				7391FDD924B4BF3000534EC6 /* Release */,
			);
			defaultConfigurationIsVisible = 0;
			defaultConfigurationName = Release;
		};
		7391FDDA24B4BF3000534EC6 /* Build configuration list for PBXNativeTarget "Swiftyoutuber_1" */ = {
			isa = XCConfigurationList;
			buildConfigurations = (
				7391FDDB24B4BF3000534EC6 /* Debug */,
				7391FDDC24B4BF3000534EC6 /* Release */,
			);
			defaultConfigurationIsVisible = 0;
			defaultConfigurationName = Release;
		};
/* End XCConfigurationList section */
	};
	rootObject = 7391FDBE24B4BF2D00534EC6 /* Project object */;
}
